
Microsoft Visual Studio Solution File, Format Version 12.00
# Visual Studio Version 17
VisualStudioVersion = 17.7.34024.191
MinimumVisualStudioVersion = 10.0.40219.1
Project("{FAE04EC0-301F-11D3-BF4B-00C04F79EFBC}") = "Floating Point Types", "Floating Point Types\Floating Point Types.csproj", "{B5A4415E-3A08-4FD1-9642-9CE32E9B3AEA}"
EndProject
Global
	GlobalSection(SolutionConfigurationPlatforms) = preSolution
		Debug|Any CPU = Debug|Any CPU
		Release|Any CPU = Release|Any CPU
	EndGlobalSection
	GlobalSection(ProjectConfigurationPlatforms) = postSolution
		{B5A4415E-3A08-4FD1-9642-9CE32E9B3AEA}.Debug|Any CPU.ActiveCfg = Debug|Any CPU
		{B5A4415E-3A08-4FD1-9642-9CE32E9B3AEA}.Debug|Any CPU.Build.0 = Debug|Any CPU
		{B5A4415E-3A08-4FD1-9642-9CE32E9B3AEA}.Release|Any CPU.ActiveCfg = Release|Any CPU
		{B5A4415E-3A08-4FD1-9642-9CE32E9B3AEA}.Release|Any CPU.Build.0 = Release|Any CPU
	EndGlobalSection
	GlobalSection(SolutionProperties) = preSolution
		HideSolutionNode = FALSE
	EndGlobalSection
	GlobalSection(ExtensibilityGlobals) = postSolution
		SolutionGuid = {2E888941-CB26-4C0C-888A-A2D77F707F9E}
	EndGlobalSection
EndGlobal
